
Microsoft Visual Studio Solution File, Format Version 12.00
# Visual Studio Version 16
VisualStudioVersion = 16.0.30717.126
MinimumVisualStudioVersion = 10.0.40219.1
Project("{FAE04EC0-301F-11D3-BF4B-00C04F79EFBC}") = "MFAPI", "MFAPI\MFAPI.csproj", "{71948AE0-225D-466C-84AA-9837F68F78FA}"
EndProject
Global
	GlobalSection(SolutionConfigurationPlatforms) = preSolution
		Debug|Any CPU = Debug|Any CPU
		Release|Any CPU = Release|Any CPU
	EndGlobalSection
	GlobalSection(ProjectConfigurationPlatforms) = postSolution
		{71948AE0-225D-466C-84AA-9837F68F78FA}.Debug|Any CPU.ActiveCfg = Debug|Any CPU
		{71948AE0-225D-466C-84AA-9837F68F78FA}.Debug|Any CPU.Build.0 = Debug|Any CPU
		{71948AE0-225D-466C-84AA-9837F68F78FA}.Release|Any CPU.ActiveCfg = Release|Any CPU
		{71948AE0-225D-466C-84AA-9837F68F78FA}.Release|Any CPU.Build.0 = Release|Any CPU
	EndGlobalSection
	GlobalSection(SolutionProperties) = preSolution
		HideSolutionNode = FALSE
	EndGlobalSection
	GlobalSection(ExtensibilityGlobals) = postSolution
		SolutionGuid = {2618C76F-A2A9-4A65-BA4F-5A45C849BC22}
	EndGlobalSection
EndGlobal
